// !$*UTF8*$!
{
	archiveVersion = 1;
	classes = {
	};
	objectVersion = 50;
	objects = {

/* Begin PBXBuildFile section */
		E357AB0F20C447DF006540DA /* AppDelegate.swift in Sources */ = {isa = PBXBuildFile; fileRef = E357AB0E20C447DF006540DA /* AppDelegate.swift */; };
		E357AB1120C447DF006540DA /* ViewController.swift in Sources */ = {isa = PBXBuildFile; fileRef = E357AB1020C447DF006540DA /* ViewController.swift */; };
		E357AB1420C447DF006540DA /* Main.storyboard in Resources */ = {isa = PBXBuildFile; fileRef = E357AB1220C447DF006540DA /* Main.storyboard */; };
		E357AB1620C447E0006540DA /* Assets.xcassets in Resources */ = {isa = PBXBuildFile; fileRef = E357AB1520C447E0006540DA /* Assets.xcassets */; };
		E357AB1920C447E0006540DA /* LaunchScreen.storyboard in Resources */ = {isa = PBXBuildFile; fileRef = E357AB1720C447E0006540DA /* LaunchScreen.storyboard */; };
		E357AB2120C44B97006540DA /* MainCollectionViewCell.swift in Sources */ = {isa = PBXBuildFile; fileRef = E357AB2020C44B97006540DA /* MainCollectionViewCell.swift */; };
		E357AB8720C6E6C5006540DA /* DetailViewController.swift in Sources */ = {isa = PBXBuildFile; fileRef = E357AB8620C6E6C5006540DA /* DetailViewController.swift */; };
/* End PBXBuildFile section */

/* Begin PBXFileReference section */
		E357AB0B20C447DF006540DA /* CountryGuide.app */ = {isa = PBXFileReference; explicitFileType = wrapper.application; includeInIndex = 0; path = CountryGuide.app; sourceTree = BUILT_PRODUCTS_DIR; };
		E357AB0E20C447DF006540DA /* AppDelegate.swift */ = {isa = PBXFileReference; lastKnownFileType = sourcecode.swift; path = AppDelegate.swift; sourceTree = "<group>"; };
		E357AB1020C447DF006540DA /* ViewController.swift */ = {isa = PBXFileReference; lastKnownFileType = sourcecode.swift; path = ViewController.swift; sourceTree = "<group>"; };
		E357AB1320C447DF006540DA /* Base */ = {isa = PBXFileReference; lastKnownFileType = file.storyboard; name = Base; path = Base.lproj/Main.storyboard; sourceTree = "<group>"; };
		E357AB1520C447E0006540DA /* Assets.xcassets */ = {isa = PBXFileReference; lastKnownFileType = folder.assetcatalog; path = Assets.xcassets; sourceTree = "<group>"; };
		E357AB1820C447E0006540DA /* Base */ = {isa = PBXFileReference; lastKnownFileType = file.storyboard; name = Base; path = Base.lproj/LaunchScreen.storyboard; sourceTree = "<group>"; };
		E357AB1A20C447E0006540DA /* Info.plist */ = {isa = PBXFileReference; lastKnownFileType = text.plist.xml; path = Info.plist; sourceTree = "<group>"; };
		E357AB2020C44B97006540DA /* MainCollectionViewCell.swift */ = {isa = PBXFileReference; lastKnownFileType = sourcecode.swift; path = MainCollectionViewCell.swift; sourceTree = "<group>"; };
		E357AB8620C6E6C5006540DA /* DetailViewController.swift */ = {isa = PBXFileReference; lastKnownFileType = sourcecode.swift; path = DetailViewController.swift; sourceTree = "<group>"; };
/* End PBXFileReference section */

/* Begin PBXFrameworksBuildPhase section */
		E357AB0820C447DF006540DA /* Frameworks */ = {
			isa = PBXFrameworksBuildPhase;
			buildActionMask = 2147483647;
			files = (
			);
			runOnlyForDeploymentPostprocessing = 0;
		};
/* End PBXFrameworksBuildPhase section */

/* Begin PBXGroup section */
		E357AB0220C447DF006540DA = {
			isa = PBXGroup;
			children = (
				E357AB0D20C447DF006540DA /* CountryGuide */,
				E357AB0C20C447DF006540DA /* Products */,
			);
			sourceTree = "<group>";
		};
		E357AB0C20C447DF006540DA /* Products */ = {
			isa = PBXGroup;
			children = (
				E357AB0B20C447DF006540DA /* CountryGuide.app */,
			);
			name = Products;
			sourceTree = "<group>";
		};
		E357AB0D20C447DF006540DA /* CountryGuide */ = {
			isa = PBXGroup;
			children = (
				E357AB0E20C447DF006540DA /* AppDelegate.swift */,
				E357AB1020C447DF006540DA /* ViewController.swift */,
				E357AB8620C6E6C5006540DA /* DetailViewController.swift */,
				E357AB2020C44B97006540DA /* MainCollectionViewCell.swift */,
				E357AB1220C447DF006540DA /* Main.storyboard */,
				E357AB1520C447E0006540DA /* Assets.xcassets */,
				E357AB1720C447E0006540DA /* LaunchScreen.storyboard */,
				E357AB1A20C447E0006540DA /* Info.plist */,
			);
			path = CountryGuide;
			sourceTree = "<group>";
		};
/* End PBXGroup section */

/* Begin PBXNativeTarget section */
		E357AB0A20C447DF006540DA /* CountryGuide */ = {
			isa = PBXNativeTarget;
			buildConfigurationList = E357AB1D20C447E0006540DA /* Build configuration list for PBXNativeTarget "CountryGuide" */;
			buildPhases = (
				E357AB0720C447DF006540DA /* Sources */,
				E357AB0820C447DF006540DA /* Frameworks */,
				E357AB0920C447DF006540DA /* Resources */,
			);
			buildRules = (
			);
			dependencies = (
			);
			name = CountryGuide;
			productName = CountryGuide;
			productReference = E357AB0B20C447DF006540DA /* CountryGuide.app */;
			productType = "com.apple.product-type.application";
		};
/* End PBXNativeTarget section */

/* Begin PBXProject section */
		E357AB0320C447DF006540DA /* Project object */ = {
			isa = PBXProject;
			attributes = {
				LastSwiftUpdateCheck = 0940;
				LastUpgradeCheck = 0940;
				ORGANIZATIONNAME = "Chen Hsin";
				TargetAttributes = {
					E357AB0A20C447DF006540DA = {
						CreatedOnToolsVersion = 9.4;
					};
				};
			};
			buildConfigurationList = E357AB0620C447DF006540DA /* Build configuration list for PBXProject "CountryGuide" */;
			compatibilityVersion = "Xcode 9.3";
			developmentRegion = en;
			hasScannedForEncodings = 0;
			knownRegions = (
				en,
				Base,
			);
			mainGroup = E357AB0220C447DF006540DA;
			productRefGroup = E357AB0C20C447DF006540DA /* Products */;
			projectDirPath = "";
			projectRoot = "";
			targets = (
				E357AB0A20C447DF006540DA /* CountryGuide */,
			);
		};
/* End PBXProject section */

/* Begin PBXResourcesBuildPhase section */
		E357AB0920C447DF006540DA /* Resources */ = {
			isa = PBXResourcesBuildPhase;
			buildActionMask = 2147483647;
			files = (
				E357AB1920C447E0006540DA /* LaunchScreen.storyboard in Resources */,
				E357AB1620C447E0006540DA /* Assets.xcassets in Resources */,
				E357AB1420C447DF006540DA /* Main.storyboard in Resources */,
			);
			runOnlyForDeploymentPostprocessing = 0;
		};
/* End PBXResourcesBuildPhase section */

/* Begin PBXSourcesBuildPhase section */
		E357AB0720C447DF006540DA /* Sources */ = {
			isa = PBXSourcesBuildPhase;
			buildActionMask = 2147483647;
			files = (
				E357AB1120C447DF006540DA /* ViewController.swift in Sources */,
				E357AB2120C44B97006540DA /* MainCollectionViewCell.swift in Sources */,
				E357AB0F20C447DF006540DA /* AppDelegate.swift in Sources */,
				E357AB8720C6E6C5006540DA /* DetailViewController.swift in Sources */,
			);
			runOnlyForDeploymentPostprocessing = 0;
		};
/* End PBXSourcesBuildPhase section */

/* Begin PBXVariantGroup section */
		E357AB1220C447DF006540DA /* Main.storyboard */ = {
			isa = PBXVariantGroup;
			children = (
				E357AB1320C447DF006540DA /* Base */,
			);
			name = Main.storyboard;
			sourceTree = "<group>";
		};
		E357AB1720C447E0006540DA /* LaunchScreen.storyboard */ = {
			isa = PBXVariantGroup;
			children = (
				E357AB1820C447E0006540DA /* Base */,
			);
			name = LaunchScreen.storyboard;
			sourceTree = "<group>";
		};
/* End PBXVariantGroup section */

/* Begin XCBuildConfiguration section */
		E357AB1B20C447E0006540DA /* Debug */ = {
			isa = XCBuildConfiguration;
			buildSettings = {
				ALWAYS_SEARCH_USER_PATHS = NO;
				CLANG_ANALYZER_NONNULL = YES;
				CLANG_ANALYZER_NUMBER_OBJECT_CONVERSION = YES_AGGRESSIVE;
				CLANG_CXX_LANGUAGE_STANDARD = "gnu++14";
				CLANG_CXX_LIBRARY = "libc++";
				CLANG_ENABLE_MODULES = YES;
				CLANG_ENABLE_OBJC_ARC = YES;
				CLANG_ENABLE_OBJC_WEAK = YES;
				CLANG_WARN_BLOCK_CAPTURE_AUTORELEASING = YES;
				CLANG_WARN_BOOL_CONVERSION = YES;
				CLANG_WARN_COMMA = YES;
				CLANG_WARN_CONSTANT_CONVERSION = YES;
				CLANG_WARN_DEPRECATED_OBJC_IMPLEMENTATIONS = YES;
				CLANG_WARN_DIRECT_OBJC_ISA_USAGE = YES_ERROR;
				CLANG_WARN_DOCUMENTATION_COMMENTS = YES;
				CLANG_WARN_EMPTY_BODY = YES;
				CLANG_WARN_ENUM_CONVERSION = YES;
				CLANG_WARN_INFINITE_RECURSION = YES;
				CLANG_WARN_INT_CONVERSION = YES;
				CLANG_WARN_NON_LITERAL_NULL_CONVERSION = YES;
				CLANG_WARN_OBJC_IMPLICIT_RETAIN_SELF = YES;
				CLANG_WARN_OBJC_LITERAL_CONVERSION = YES;
				CLANG_WARN_OBJC_ROOT_CLASS = YES_ERROR;
				CLANG_WARN_RANGE_LOOP_ANALYSIS = YES;
				CLANG_WARN_STRICT_PROTOTYPES = YES;
				CLANG_WARN_SUSPICIOUS_MOVE = YES;
				CLANG_WARN_UNGUARDED_AVAILABILITY = YES_AGGRESSIVE;
				CLANG_WARN_UNREACHABLE_CODE = YES;
				CLANG_WARN__DUPLICATE_METHOD_MATCH = YES;
				CODE_SIGN_IDENTITY = "iPhone Developer";
				COPY_PHASE_STRIP = NO;
				DEBUG_INFORMATION_FORMAT = dwarf;
				ENABLE_STRICT_OBJC_MSGSEND = YES;
				ENABLE_TESTABILITY = YES;
				GCC_C_LANGUAGE_STANDARD = gnu11;
				GCC_DYNAMIC_NO_PIC = NO;
				GCC_NO_COMMON_BLOCKS = YES;
				GCC_OPTIMIZATION_LEVEL = 0;
				GCC_PREPROCESSOR_DEFINITIONS = (
					"DEBUG=1",
					"$(inherited)",
				);
				GCC_WARN_64_TO_32_BIT_CONVERSION = YES;
				GCC_WARN_ABOUT_RETURN_TYPE = YES_ERROR;
				GCC_WARN_UNDECLARED_SELECTOR = YES;
				GCC_WARN_UNINITIALIZED_AUTOS = YES_AGGRESSIVE;
				GCC_WARN_UNUSED_FUNCTION = YES;
				GCC_WARN_UNUSED_VARIABLE = YES;
				IPHONEOS_DEPLOYMENT_TARGET = 11.4;
				MTL_ENABLE_DEBUG_INFO = YES;
				ONLY_ACTIVE_ARCH = YES;
				SDKROOT = iphoneos;
				SWIFT_ACTIVE_COMPILATION_CONDITIONS = DEBUG;
				SWIFT_OPTIMIZATION_LEVEL = "-Onone";
			};
			name = Debug;
		};
		E357AB1C20C447E0006540DA /* Release */ = {
			isa = XCBuildConfiguration;
			buildSettings = {
				ALWAYS_SEARCH_USER_PATHS = NO;
				CLANG_ANALYZER_NONNULL = YES;
				CLANG_ANALYZER_NUMBER_OBJECT_CONVERSION = YES_AGGRESSIVE;
				CLANG_CXX_LANGUAGE_STANDARD = "gnu++14";
				CLANG_CXX_LIBRARY = "libc++";
				CLANG_ENABLE_MODULES = YES;
				CLANG_ENABLE_OBJC_ARC = YES;
				CLANG_ENABLE_OBJC_WEAK = YES;
				CLANG_WARN_BLOCK_CAPTURE_AUTORELEASING = YES;
				CLANG_WARN_BOOL_CONVERSION = YES;
				CLANG_WARN_COMMA = YES;
				CLANG_WARN_CONSTANT_CONVERSION = YES;
				CLANG_WARN_DEPRECATED_OBJC_IMPLEMENTATIONS = YES;
				CLANG_WARN_DIRECT_OBJC_ISA_USAGE = YES_ERROR;
				CLANG_WARN_DOCUMENTATION_COMMENTS = YES;
				CLANG_WARN_EMPTY_BODY = YES;
				CLANG_WARN_ENUM_CONVERSION = YES;
				CLANG_WARN_INFINITE_RECURSION = YES;
				CLANG_WARN_INT_CONVERSION = YES;
				CLANG_WARN_NON_LITERAL_NULL_CONVERSION = YES;
				CLANG_WARN_OBJC_IMPLICIT_RETAIN_SELF = YES;
				CLANG_WARN_OBJC_LITERAL_CONVERSION = YES;
				CLANG_WARN_OBJC_ROOT_CLASS = YES_ERROR;
				CLANG_WARN_RANGE_LOOP_ANALYSIS = YES;
				CLANG_WARN_STRICT_PROTOTYPES = YES;
				CLANG_WARN_SUSPICIOUS_MOVE = YES;
				CLANG_WARN_UNGUARDED_AVAILABILITY = YES_AGGRESSIVE;
				CLANG_WARN_UNREACHABLE_CODE = YES;
				CLANG_WARN__DUPLICATE_METHOD_MATCH = YES;
				CODE_SIGN_IDENTITY = "iPhone Developer";
				COPY_PHASE_STRIP = NO;
				DEBUG_INFORMATION_FORMAT = "dwarf-with-dsym";
				ENABLE_NS_ASSERTIONS = NO;
				ENABLE_STRICT_OBJC_MSGSEND = YES;
				GCC_C_LANGUAGE_STANDARD = gnu11;
				GCC_NO_COMMON_BLOCKS = YES;
				GCC_WARN_64_TO_32_BIT_CONVERSION = YES;
				GCC_WARN_ABOUT_RETURN_TYPE = YES_ERROR;
				GCC_WARN_UNDECLARED_SELECTOR = YES;
				GCC_WARN_UNINITIALIZED_AUTOS = YES_AGGRESSIVE;
				GCC_WARN_UNUSED_FUNCTION = YES;
				GCC_WARN_UNUSED_VARIABLE = YES;
				IPHONEOS_DEPLOYMENT_TARGET = 11.4;
				MTL_ENABLE_DEBUG_INFO = NO;
				SDKROOT = iphoneos;
				SWIFT_COMPILATION_MODE = wholemodule;
				SWIFT_OPTIMIZATION_LEVEL = "-O";
				VALIDATE_PRODUCT = YES;
			};
			name = Release;
		};
		E357AB1E20C447E0006540DA /* Debug */ = {
			isa = XCBuildConfiguration;
			buildSettings = {
				ASSETCATALOG_COMPILER_APPICON_NAME = AppIcon;
				CODE_SIGN_STYLE = Automatic;
				INFOPLIST_FILE = CountryGuide/Info.plist;
				LD_RUNPATH_SEARCH_PATHS = (
					"$(inherited)",
					"@executable_path/Frameworks",
				);
				PRODUCT_BUNDLE_IDENTIFIER = Test.com.CountryGuide;
				PRODUCT_NAME = "$(TARGET_NAME)";
				SWIFT_VERSION = 4.0;
				TARGETED_DEVICE_FAMILY = "1,2";
			};
			name = Debug;
		};
		E357AB1F20C447E0006540DA /* Release */ = {
			isa = XCBuildConfiguration;
			buildSettings = {
				ASSETCATALOG_COMPILER_APPICON_NAME = AppIcon;
				CODE_SIGN_STYLE = Automatic;
				INFOPLIST_FILE = CountryGuide/Info.plist;
				LD_RUNPATH_SEARCH_PATHS = (
					"$(inherited)",
					"@executable_path/Frameworks",
				);
				PRODUCT_BUNDLE_IDENTIFIER = Test.com.CountryGuide;
				PRODUCT_NAME = "$(TARGET_NAME)";
				SWIFT_VERSION = 4.0;
				TARGETED_DEVICE_FAMILY = "1,2";
			};
			name = Release;
		};
/* End XCBuildConfiguration section */

/* Begin XCConfigurationList section */
		E357AB0620C447DF006540DA /* Build configuration list for PBXProject "CountryGuide" */ = {
			isa = XCConfigurationList;
			buildConfigurations = (
				E357AB1B20C447E0006540DA /* Debug */,
				E357AB1C20C447E0006540DA /* Release */,
			);
			defaultConfigurationIsVisible = 0;
			defaultConfigurationName = Release;
		};
		E357AB1D20C447E0006540DA /* Build configuration list for PBXNativeTarget "CountryGuide" */ = {
			isa = XCConfigurationList;
			buildConfigurations = (
				E357AB1E20C447E0006540DA /* Debug */,
				E357AB1F20C447E0006540DA /* Release */,
			);
			defaultConfigurationIsVisible = 0;
			defaultConfigurationName = Release;
		};
/* End XCConfigurationList section */
	};
	rootObject = E357AB0320C447DF006540DA /* Project object */;
}
